<?xml version="1.0" encoding="utf-8"?>
<Project ToolsVersion="4.0" xmlns="http://schemas.microsoft.com/developer/msbuild/2003">
  <ItemGroup>
    <Filter Include="通用">
      <UniqueIdentifier>2f78b600-3852-47cf-866e-4fe70f10832d</UniqueIdentifier>
    </Filter>
    <Filter Include="资产">
      <UniqueIdentifier>ca87732c-8354-4c6a-ab7a-4fcb33d2b772</UniqueIdentifier>
      <Extensions>bmp;fbx;gif;jpg;jpeg;tga;tiff;tif;png</Extensions>
    </Filter>
	<Filter Include="内容">
      <UniqueIdentifier>196bc0e4-2004-4faa-bf0e-0179aaa3e014</UniqueIdentifier>
    </Filter>
    <Page Include="Common\StandardStyles.xaml">
      <Filter>通用</Filter>
    </Page>
    <ClInclude Include="Common\DirectXHelper.h">
      <Filter>通用</Filter>
    </ClInclude>
	<ClInclude Include="Common\StepTimer.h">
      <Filter>通用</Filter>
    </ClInclude>
    <ClInclude Include="Common\DeviceResources.h">
      <Filter>通用</Filter>
    </ClInclude>
    <ClCompile Include="Common\DeviceResources.cpp">
      <Filter>通用</Filter>
    </ClCompile>
	<ClInclude Include="Content\Sample3DSceneRenderer.h">
      <Filter>内容</Filter>
    </ClInclude>
    <ClInclude Include="Content\SampleFpsTextRenderer.h">
      <Filter>内容</Filter>
    </ClInclude>
    <ClInclude Include="Content\ShaderStructures.h">
      <Filter>内容</Filter>
    </ClInclude>
	<ClCompile Include="Content\Sample3DSceneRenderer.cpp">
      <Filter>内容</Filter>
    </ClCompile>
    <ClCompile Include="Content\SampleFpsTextRenderer.cpp">
      <Filter>内容</Filter>
    </ClCompile>
	<FxCompile Include="Content\SamplePixelShader.hlsl">
      <Filter>内容</Filter>
    </FxCompile>
    <FxCompile Include="Content\SampleVertexShader.hlsl">
      <Filter>内容</Filter>
    </FxCompile>
    <Image Include="Assets\Logo.png">
      <Filter>资产</Filter>
    </Image>
    <Image Include="Assets\SmallLogo.png">
      <Filter>资产</Filter>
    </Image>
    <Image Include="Assets\StoreLogo.png">
      <Filter>资产</Filter>
    </Image>
    <Image Include="Assets\SplashScreen.png">
      <Filter>资产</Filter>
    </Image>
  </ItemGroup>
</Project>