
Microsoft Visual Studio Solution File, Format Version 12.00
# Visual Studio 2013
VisualStudioVersion = 12.0.21005.1
MinimumVisualStudioVersion = 10.0.40219.1
Project("{8BC9CEB8-8B4A-11D0-8D11-00A0C91BC942}") = "test_2019_07_23_1444", "test_2019_07_23_1444\test_2019_07_23_1444.vcxproj", "{E172A630-B171-4DDC-87E3-31FB0929B364}"
EndProject
Global
	GlobalSection(SolutionConfigurationPlatforms) = preSolution
		Debug|Win32 = Debug|Win32
		Release|Win32 = Release|Win32
	EndGlobalSection
	GlobalSection(ProjectConfigurationPlatforms) = postSolution
		{E172A630-B171-4DDC-87E3-31FB0929B364}.Debug|Win32.ActiveCfg = Debug|Win32
		{E172A630-B171-4DDC-87E3-31FB0929B364}.Debug|Win32.Build.0 = Debug|Win32
		{E172A630-B171-4DDC-87E3-31FB0929B364}.Release|Win32.ActiveCfg = Release|Win32
		{E172A630-B171-4DDC-87E3-31FB0929B364}.Release|Win32.Build.0 = Release|Win32
	EndGlobalSection
	GlobalSection(SolutionProperties) = preSolution
		HideSolutionNode = FALSE
	EndGlobalSection
EndGlobal
